// !$*UTF8*$!
{
	archiveVersion = 1;
	classes = {
	};
	objectVersion = 77;
	objects = {

/* Begin PBXBuildFile section */
		A1CE28D62F7239C60085BC19 /* Auth in Frameworks */ = {isa = PBXBuildFile; productRef = A1CE28D52F7239C60085BC19 /* Auth */; };
		A1CE28D82F7239C60085BC19 /* Functions in Frameworks */ = {isa = PBXBuildFile; productRef = A1CE28D72F7239C60085BC19 /* Functions */; };
		A1CE28DA2F7239C60085BC19 /* PostgREST in Frameworks */ = {isa = PBXBuildFile; productRef = A1CE28D92F7239C60085BC19 /* PostgREST */; };
		A1CE28DC2F7239C60085BC19 /* Realtime in Frameworks */ = {isa = PBXBuildFile; productRef = A1CE28DB2F7239C60085BC19 /* Realtime */; };
		A1CE28DE2F7239C60085BC19 /* Storage in Frameworks */ = {isa = PBXBuildFile; productRef = A1CE28DD2F7239C60085BC19 /* Storage */; };
		A1CE28E32F723CBE0085BC19 /* Supabase in Frameworks */ = {isa = PBXBuildFile; productRef = A1CE28E22F723CBE0085BC19 /* Supabase */; };
/* End PBXBuildFile section */

/* Begin PBXContainerItemProxy section */
		A1F166F92F61B626003B3F6A /* PBXContainerItemProxy */ = {
			isa = PBXContainerItemProxy;
			containerPortal = A1F166E32F61B625003B3F6A /* Project object */;
			proxyType = 1;
			remoteGlobalIDString = A1F166EA2F61B625003B3F6A;
			remoteInfo = DinkLink;
		};
		A1F167032F61B626003B3F6A /* PBXContainerItemProxy */ = {
			isa = PBXContainerItemProxy;
			containerPortal = A1F166E32F61B625003B3F6A /* Project object */;
			proxyType = 1;
			remoteGlobalIDString = A1F166EA2F61B625003B3F6A;
			remoteInfo = DinkLink;
		};
/* End PBXContainerItemProxy section */

/* Begin PBXFileReference section */
		A1F166EB2F61B625003B3F6A /* DinkLink.app */ = {isa = PBXFileReference; explicitFileType = wrapper.application; includeInIndex = 0; path = DinkLink.app; sourceTree = BUILT_PRODUCTS_DIR; };
		A1F166F82F61B626003B3F6A /* DinkLinkTests.xctest */ = {isa = PBXFileReference; explicitFileType = wrapper.cfbundle; includeInIndex = 0; path = DinkLinkTests.xctest; sourceTree = BUILT_PRODUCTS_DIR; };
		A1F167022F61B626003B3F6A /* DinkLinkUITests.xctest */ = {isa = PBXFileReference; explicitFileType = wrapper.cfbundle; includeInIndex = 0; path = DinkLinkUITests.xctest; sourceTree = BUILT_PRODUCTS_DIR; };
/* End PBXFileReference section */

/* Begin PBXFileSystemSynchronizedBuildFileExceptionSet section */
		A1F167462F61C5EC003B3F6A /* Exceptions for "DinkLink" folder in "DinkLink" target */ = {
			isa = PBXFileSystemSynchronizedBuildFileExceptionSet;
			membershipExceptions = (
				Info.plist,
			);
			target = A1F166EA2F61B625003B3F6A /* DinkLink */;
		};
/* End PBXFileSystemSynchronizedBuildFileExceptionSet section */

/* Begin PBXFileSystemSynchronizedRootGroup section */
		A1F166ED2F61B625003B3F6A /* DinkLink */ = {
			isa = PBXFileSystemSynchronizedRootGroup;
			exceptions = (
				A1F167462F61C5EC003B3F6A /* Exceptions for "DinkLink" folder in "DinkLink" target */,
			);
			path = DinkLink;
			sourceTree = "<group>";
		};
		A1F166FB2F61B626003B3F6A /* DinkLinkTests */ = {
			isa = PBXFileSystemSynchronizedRootGroup;
			path = DinkLinkTests;
			sourceTree = "<group>";
		};
		A1F167052F61B626003B3F6A /* DinkLinkUITests */ = {
			isa = PBXFileSystemSynchronizedRootGroup;
			path = DinkLinkUITests;
			sourceTree = "<group>";
		};
		A1F1673E2F61C3D9003B3F6A /* Fonts */ = {
			isa = PBXFileSystemSynchronizedRootGroup;
			path = Fonts;
			sourceTree = "<group>";
		};
/* End PBXFileSystemSynchronizedRootGroup section */

/* Begin PBXFrameworksBuildPhase section */
		A1F166E82F61B625003B3F6A /* Frameworks */ = {
			isa = PBXFrameworksBuildPhase;
			buildActionMask = 2147483647;
			files = (
				A1CE28DA2F7239C60085BC19 /* PostgREST in Frameworks */,
				A1CE28D82F7239C60085BC19 /* Functions in Frameworks */,
				A1CE28E32F723CBE0085BC19 /* Supabase in Frameworks */,
				A1CE28D62F7239C60085BC19 /* Auth in Frameworks */,
				A1CE28DE2F7239C60085BC19 /* Storage in Frameworks */,
				A1CE28DC2F7239C60085BC19 /* Realtime in Frameworks */,
			);
			runOnlyForDeploymentPostprocessing = 0;
		};
		A1F166F52F61B626003B3F6A /* Frameworks */ = {
			isa = PBXFrameworksBuildPhase;
			buildActionMask = 2147483647;
			files = (
			);
			runOnlyForDeploymentPostprocessing = 0;
		};
		A1F166FF2F61B626003B3F6A /* Frameworks */ = {
			isa = PBXFrameworksBuildPhase;
			buildActionMask = 2147483647;
			files = (
			);
			runOnlyForDeploymentPostprocessing = 0;
		};
/* End PBXFrameworksBuildPhase section */

/* Begin PBXGroup section */
		A1CE28E12F723CBE0085BC19 /* Frameworks */ = {
			isa = PBXGroup;
			children = (
			);
			name = Frameworks;
			sourceTree = "<group>";
		};
		A1F166E22F61B625003B3F6A = {
			isa = PBXGroup;
			children = (
				A1F166ED2F61B625003B3F6A /* DinkLink */,
				A1F166FB2F61B626003B3F6A /* DinkLinkTests */,
				A1F167052F61B626003B3F6A /* DinkLinkUITests */,
				A1F166EC2F61B625003B3F6A /* Products */,
				A1F1673E2F61C3D9003B3F6A /* Fonts */,
				A1CE28E12F723CBE0085BC19 /* Frameworks */,
			);
			sourceTree = "<group>";
		};
		A1F166EC2F61B625003B3F6A /* Products */ = {
			isa = PBXGroup;
			children = (
				A1F166EB2F61B625003B3F6A /* DinkLink.app */,
				A1F166F82F61B626003B3F6A /* DinkLinkTests.xctest */,
				A1F167022F61B626003B3F6A /* DinkLinkUITests.xctest */,
			);
			name = Products;
			sourceTree = "<group>";
		};
/* End PBXGroup section */

/* Begin PBXNativeTarget section */
		A1F166EA2F61B625003B3F6A /* DinkLink */ = {
			isa = PBXNativeTarget;
			buildConfigurationList = A1F1670C2F61B626003B3F6A /* Build configuration list for PBXNativeTarget "DinkLink" */;
			buildPhases = (
				A1F166E72F61B625003B3F6A /* Sources */,
				A1F166E82F61B625003B3F6A /* Frameworks */,
				A1F166E92F61B625003B3F6A /* Resources */,
			);
			buildRules = (
			);
			dependencies = (
			);
			fileSystemSynchronizedGroups = (
				A1F166ED2F61B625003B3F6A /* DinkLink */,
				A1F1673E2F61C3D9003B3F6A /* Fonts */,
			);
			name = DinkLink;
			packageProductDependencies = (
				A1CE28D52F7239C60085BC19 /* Auth */,
				A1CE28D72F7239C60085BC19 /* Functions */,
				A1CE28D92F7239C60085BC19 /* PostgREST */,
				A1CE28DB2F7239C60085BC19 /* Realtime */,
				A1CE28DD2F7239C60085BC19 /* Storage */,
				A1CE28E22F723CBE0085BC19 /* Supabase */,
			);
			productName = DinkLink;
			productReference = A1F166EB2F61B625003B3F6A /* DinkLink.app */;
			productType = "com.apple.product-type.application";
		};
		A1F166F72F61B626003B3F6A /* DinkLinkTests */ = {
			isa = PBXNativeTarget;
			buildConfigurationList = A1F1670F2F61B626003B3F6A /* Build configuration list for PBXNativeTarget "DinkLinkTests" */;
			buildPhases = (
				A1F166F42F61B626003B3F6A /* Sources */,
				A1F166F52F61B626003B3F6A /* Frameworks */,
				A1F166F62F61B626003B3F6A /* Resources */,
			);
			buildRules = (
			);
			dependencies = (
				A1F166FA2F61B626003B3F6A /* PBXTargetDependency */,
			);
			fileSystemSynchronizedGroups = (
				A1F166FB2F61B626003B3F6A /* DinkLinkTests */,
			);
			name = DinkLinkTests;
			packageProductDependencies = (
			);
			productName = DinkLinkTests;
			productReference = A1F166F82F61B626003B3F6A /* DinkLinkTests.xctest */;
			productType = "com.apple.product-type.bundle.unit-test";
		};
		A1F167012F61B626003B3F6A /* DinkLinkUITests */ = {
			isa = PBXNativeTarget;
			buildConfigurationList = A1F167122F61B626003B3F6A /* Build configuration list for PBXNativeTarget "DinkLinkUITests" */;
			buildPhases = (
				A1F166FE2F61B626003B3F6A /* Sources */,
				A1F166FF2F61B626003B3F6A /* Frameworks */,
				A1F167002F61B626003B3F6A /* Resources */,
			);
			buildRules = (
			);
			dependencies = (
				A1F167042F61B626003B3F6A /* PBXTargetDependency */,
			);
			fileSystemSynchronizedGroups = (
				A1F167052F61B626003B3F6A /* DinkLinkUITests */,
			);
			name = DinkLinkUITests;
			packageProductDependencies = (
			);
			productName = DinkLinkUITests;
			productReference = A1F167022F61B626003B3F6A /* DinkLinkUITests.xctest */;
			productType = "com.apple.product-type.bundle.ui-testing";
		};
/* End PBXNativeTarget section */

/* Begin PBXProject section */
		A1F166E32F61B625003B3F6A /* Project object */ = {
			isa = PBXProject;
			attributes = {
				BuildIndependentTargetsInParallel = 1;
				LastSwiftUpdateCheck = 2630;
				LastUpgradeCheck = 2640;
				TargetAttributes = {
					A1F166EA2F61B625003B3F6A = {
						CreatedOnToolsVersion = 26.3;
					};
					A1F166F72F61B626003B3F6A = {
						CreatedOnToolsVersion = 26.3;
						TestTargetID = A1F166EA2F61B625003B3F6A;
					};
					A1F167012F61B626003B3F6A = {
						CreatedOnToolsVersion = 26.3;
						TestTargetID = A1F166EA2F61B625003B3F6A;
					};
				};
			};
			buildConfigurationList = A1F166E62F61B625003B3F6A /* Build configuration list for PBXProject "DinkLink" */;
			developmentRegion = en;
			hasScannedForEncodings = 0;
			knownRegions = (
				en,
				Base,
			);
			mainGroup = A1F166E22F61B625003B3F6A;
			minimizedProjectReferenceProxies = 1;
			packageReferences = (
				A1CE28D42F7239C60085BC19 /* XCRemoteSwiftPackageReference "supabase-swift" */,
			);
			preferredProjectObjectVersion = 77;
			productRefGroup = A1F166EC2F61B625003B3F6A /* Products */;
			projectDirPath = "";
			projectRoot = "";
			targets = (
				A1F166EA2F61B625003B3F6A /* DinkLink */,
				A1F166F72F61B626003B3F6A /* DinkLinkTests */,
				A1F167012F61B626003B3F6A /* DinkLinkUITests */,
			);
		};
/* End PBXProject section */

/* Begin PBXResourcesBuildPhase section */
		A1F166E92F61B625003B3F6A /* Resources */ = {
			isa = PBXResourcesBuildPhase;
			buildActionMask = 2147483647;
			files = (
			);
			runOnlyForDeploymentPostprocessing = 0;
		};
		A1F166F62F61B626003B3F6A /* Resources */ = {
			isa = PBXResourcesBuildPhase;
			buildActionMask = 2147483647;
			files = (
			);
			runOnlyForDeploymentPostprocessing = 0;
		};
		A1F167002F61B626003B3F6A /* Resources */ = {
			isa = PBXResourcesBuildPhase;
			buildActionMask = 2147483647;
			files = (
			);
			runOnlyForDeploymentPostprocessing = 0;
		};
/* End PBXResourcesBuildPhase section */

/* Begin PBXSourcesBuildPhase section */
		A1F166E72F61B625003B3F6A /* Sources */ = {
			isa = PBXSourcesBuildPhase;
			buildActionMask = 2147483647;
			files = (
			);
			runOnlyForDeploymentPostprocessing = 0;
		};
		A1F166F42F61B626003B3F6A /* Sources */ = {
			isa = PBXSourcesBuildPhase;
			buildActionMask = 2147483647;
			files = (
			);
			runOnlyForDeploymentPostprocessing = 0;
		};
		A1F166FE2F61B626003B3F6A /* Sources */ = {
			isa = PBXSourcesBuildPhase;
			buildActionMask = 2147483647;
			files = (
			);
			runOnlyForDeploymentPostprocessing = 0;
		};
/* End PBXSourcesBuildPhase section */

/* Begin PBXTargetDependency section */
		A1F166FA2F61B626003B3F6A /* PBXTargetDependency */ = {
			isa = PBXTargetDependency;
			target = A1F166EA2F61B625003B3F6A /* DinkLink */;
			targetProxy = A1F166F92F61B626003B3F6A /* PBXContainerItemProxy */;
		};
		A1F167042F61B626003B3F6A /* PBXTargetDependency */ = {
			isa = PBXTargetDependency;
			target = A1F166EA2F61B625003B3F6A /* DinkLink */;
			targetProxy = A1F167032F61B626003B3F6A /* PBXContainerItemProxy */;
		};
/* End PBXTargetDependency section */

/* Begin XCBuildConfiguration section */
		A1F1670A2F61B626003B3F6A /* Debug */ = {
			isa = XCBuildConfiguration;
			buildSettings = {
				ALWAYS_SEARCH_USER_PATHS = NO;
				ASSETCATALOG_COMPILER_GENERATE_SWIFT_ASSET_SYMBOL_EXTENSIONS = YES;
				CLANG_ANALYZER_NONNULL = YES;
				CLANG_ANALYZER_NUMBER_OBJECT_CONVERSION = YES_AGGRESSIVE;
				CLANG_CXX_LANGUAGE_STANDARD = "gnu++20";
				CLANG_ENABLE_MODULES = YES;
				CLANG_ENABLE_OBJC_ARC = YES;
				CLANG_ENABLE_OBJC_WEAK = YES;
				CLANG_WARN_BLOCK_CAPTURE_AUTORELEASING = YES;
				CLANG_WARN_BOOL_CONVERSION = YES;
				CLANG_WARN_COMMA = YES;
				CLANG_WARN_CONSTANT_CONVERSION = YES;
				CLANG_WARN_DEPRECATED_OBJC_IMPLEMENTATIONS = YES;
				CLANG_WARN_DIRECT_OBJC_ISA_USAGE = YES_ERROR;
				CLANG_WARN_DOCUMENTATION_COMMENTS = YES;
				CLANG_WARN_EMPTY_BODY = YES;
				CLANG_WARN_ENUM_CONVERSION = YES;
				CLANG_WARN_INFINITE_RECURSION = YES;
				CLANG_WARN_INT_CONVERSION = YES;
				CLANG_WARN_NON_LITERAL_NULL_CONVERSION = YES;
				CLANG_WARN_OBJC_IMPLICIT_RETAIN_SELF = YES;
				CLANG_WARN_OBJC_LITERAL_CONVERSION = YES;
				CLANG_WARN_OBJC_ROOT_CLASS = YES_ERROR;
				CLANG_WARN_QUOTED_INCLUDE_IN_FRAMEWORK_HEADER = YES;
				CLANG_WARN_RANGE_LOOP_ANALYSIS = YES;
				CLANG_WARN_STRICT_PROTOTYPES = YES;
				CLANG_WARN_SUSPICIOUS_MOVE = YES;
				CLANG_WARN_UNGUARDED_AVAILABILITY = YES_AGGRESSIVE;
				CLANG_WARN_UNREACHABLE_CODE = YES;
				CLANG_WARN__DUPLICATE_METHOD_MATCH = YES;
				COPY_PHASE_STRIP = NO;
				DEBUG_INFORMATION_FORMAT = dwarf;
				DEVELOPMENT_TEAM = 2SDJX7ASBA;
				ENABLE_STRICT_OBJC_MSGSEND = YES;
				ENABLE_TESTABILITY = YES;
				ENABLE_USER_SCRIPT_SANDBOXING = YES;
				GCC_C_LANGUAGE_STANDARD = gnu17;
				GCC_DYNAMIC_NO_PIC = NO;
				GCC_NO_COMMON_BLOCKS = YES;
				GCC_OPTIMIZATION_LEVEL = 0;
				GCC_PREPROCESSOR_DEFINITIONS = (
					"DEBUG=1",
					"$(inherited)",
				);
				GCC_WARN_64_TO_32_BIT_CONVERSION = YES;
				GCC_WARN_ABOUT_RETURN_TYPE = YES_ERROR;
				GCC_WARN_UNDECLARED_SELECTOR = YES;
				GCC_WARN_UNINITIALIZED_AUTOS = YES_AGGRESSIVE;
				GCC_WARN_UNUSED_FUNCTION = YES;
				GCC_WARN_UNUSED_VARIABLE = YES;
				IPHONEOS_DEPLOYMENT_TARGET = 26.2;
				LOCALIZATION_PREFERS_STRING_CATALOGS = YES;
				MTL_ENABLE_DEBUG_INFO = INCLUDE_SOURCE;
				MTL_FAST_MATH = YES;
				ONLY_ACTIVE_ARCH = YES;
				SDKROOT = iphoneos;
				STRING_CATALOG_GENERATE_SYMBOLS = YES;
				SWIFT_ACTIVE_COMPILATION_CONDITIONS = "DEBUG $(inherited)";
				SWIFT_OPTIMIZATION_LEVEL = "-Onone";
			};
			name = Debug;
		};
		A1F1670B2F61B626003B3F6A /* Release */ = {
			isa = XCBuildConfiguration;
			buildSettings = {
				ALWAYS_SEARCH_USER_PATHS = NO;
				ASSETCATALOG_COMPILER_GENERATE_SWIFT_ASSET_SYMBOL_EXTENSIONS = YES;
				CLANG_ANALYZER_NONNULL = YES;
				CLANG_ANALYZER_NUMBER_OBJECT_CONVERSION = YES_AGGRESSIVE;
				CLANG_CXX_LANGUAGE_STANDARD = "gnu++20";
				CLANG_ENABLE_MODULES = YES;
				CLANG_ENABLE_OBJC_ARC = YES;
				CLANG_ENABLE_OBJC_WEAK = YES;
				CLANG_WARN_BLOCK_CAPTURE_AUTORELEASING = YES;
				CLANG_WARN_BOOL_CONVERSION = YES;
				CLANG_WARN_COMMA = YES;
				CLANG_WARN_CONSTANT_CONVERSION = YES;
				CLANG_WARN_DEPRECATED_OBJC_IMPLEMENTATIONS = YES;
				CLANG_WARN_DIRECT_OBJC_ISA_USAGE = YES_ERROR;
				CLANG_WARN_DOCUMENTATION_COMMENTS = YES;
				CLANG_WARN_EMPTY_BODY = YES;
				CLANG_WARN_ENUM_CONVERSION = YES;
				CLANG_WARN_INFINITE_RECURSION = YES;
				CLANG_WARN_INT_CONVERSION = YES;
				CLANG_WARN_NON_LITERAL_NULL_CONVERSION = YES;
				CLANG_WARN_OBJC_IMPLICIT_RETAIN_SELF = YES;
				CLANG_WARN_OBJC_LITERAL_CONVERSION = YES;
				CLANG_WARN_OBJC_ROOT_CLASS = YES_ERROR;
				CLANG_WARN_QUOTED_INCLUDE_IN_FRAMEWORK_HEADER = YES;
				CLANG_WARN_RANGE_LOOP_ANALYSIS = YES;
				CLANG_WARN_STRICT_PROTOTYPES = YES;
				CLANG_WARN_SUSPICIOUS_MOVE = YES;
				CLANG_WARN_UNGUARDED_AVAILABILITY = YES_AGGRESSIVE;
				CLANG_WARN_UNREACHABLE_CODE = YES;
				CLANG_WARN__DUPLICATE_METHOD_MATCH = YES;
				COPY_PHASE_STRIP = NO;
				DEBUG_INFORMATION_FORMAT = "dwarf-with-dsym";
				DEVELOPMENT_TEAM = 2SDJX7ASBA;
				ENABLE_NS_ASSERTIONS = NO;
				ENABLE_STRICT_OBJC_MSGSEND = YES;
				ENABLE_USER_SCRIPT_SANDBOXING = YES;
				GCC_C_LANGUAGE_STANDARD = gnu17;
				GCC_NO_COMMON_BLOCKS = YES;
				GCC_WARN_64_TO_32_BIT_CONVERSION = YES;
				GCC_WARN_ABOUT_RETURN_TYPE = YES_ERROR;
				GCC_WARN_UNDECLARED_SELECTOR = YES;
				GCC_WARN_UNINITIALIZED_AUTOS = YES_AGGRESSIVE;
				GCC_WARN_UNUSED_FUNCTION = YES;
				GCC_WARN_UNUSED_VARIABLE = YES;
				IPHONEOS_DEPLOYMENT_TARGET = 26.2;
				LOCALIZATION_PREFERS_STRING_CATALOGS = YES;
				MTL_ENABLE_DEBUG_INFO = NO;
				MTL_FAST_MATH = YES;
				SDKROOT = iphoneos;
				STRING_CATALOG_GENERATE_SYMBOLS = YES;
				SWIFT_COMPILATION_MODE = wholemodule;
				VALIDATE_PRODUCT = YES;
			};
			name = Release;
		};
		A1F1670D2F61B626003B3F6A /* Debug */ = {
			isa = XCBuildConfiguration;
			buildSettings = {
				ASSETCATALOG_COMPILER_APPICON_NAME = AppIcon;
				ASSETCATALOG_COMPILER_GLOBAL_ACCENT_COLOR_NAME = AccentColor;
				CODE_SIGN_STYLE = Automatic;
				CURRENT_PROJECT_VERSION = 1;
				DEVELOPMENT_TEAM = 2SDJX7ASBA;
				ENABLE_PREVIEWS = YES;
				GENERATE_INFOPLIST_FILE = YES;
				INFOPLIST_FILE = DinkLink/Info.plist;
				INFOPLIST_KEY_ITSAppUsesNonExemptEncryption = NO;
				INFOPLIST_KEY_UIApplicationSceneManifest_Generation = YES;
				INFOPLIST_KEY_UIApplicationSupportsIndirectInputEvents = YES;
				INFOPLIST_KEY_UILaunchScreen_Generation = YES;
				INFOPLIST_KEY_UISupportedInterfaceOrientations_iPad = "UIInterfaceOrientationPortrait UIInterfaceOrientationPortraitUpsideDown UIInterfaceOrientationLandscapeLeft UIInterfaceOrientationLandscapeRight";
				INFOPLIST_KEY_UISupportedInterfaceOrientations_iPhone = "UIInterfaceOrientationPortrait UIInterfaceOrientationLandscapeLeft UIInterfaceOrientationLandscapeRight";
				LD_RUNPATH_SEARCH_PATHS = (
					"$(inherited)",
					"@executable_path/Frameworks",
				);
				MARKETING_VERSION = 1.0;
				PRODUCT_BUNDLE_IDENTIFIER = com.dylanrabin.DinkLink;
				PRODUCT_NAME = "$(TARGET_NAME)";
				STRING_CATALOG_GENERATE_SYMBOLS = YES;
				SWIFT_APPROACHABLE_CONCURRENCY = YES;
				SWIFT_DEFAULT_ACTOR_ISOLATION = MainActor;
				SWIFT_EMIT_LOC_STRINGS = YES;
				SWIFT_UPCOMING_FEATURE_MEMBER_IMPORT_VISIBILITY = YES;
				SWIFT_VERSION = 5.0;
				TARGETED_DEVICE_FAMILY = "1,2";
			};
			name = Debug;
		};
		A1F1670E2F61B626003B3F6A /* Release */ = {
			isa = XCBuildConfiguration;
			buildSettings = {
				ASSETCATALOG_COMPILER_APPICON_NAME = AppIcon;
				ASSETCATALOG_COMPILER_GLOBAL_ACCENT_COLOR_NAME = AccentColor;
				CODE_SIGN_STYLE = Automatic;
				CURRENT_PROJECT_VERSION = 1;
				DEVELOPMENT_TEAM = 2SDJX7ASBA;
				ENABLE_PREVIEWS = YES;
				GENERATE_INFOPLIST_FILE = YES;
				INFOPLIST_FILE = DinkLink/Info.plist;
				INFOPLIST_KEY_ITSAppUsesNonExemptEncryption = NO;
				INFOPLIST_KEY_UIApplicationSceneManifest_Generation = YES;
				INFOPLIST_KEY_UIApplicationSupportsIndirectInputEvents = YES;
				INFOPLIST_KEY_UILaunchScreen_Generation = YES;
				INFOPLIST_KEY_UISupportedInterfaceOrientations_iPad = "UIInterfaceOrientationPortrait UIInterfaceOrientationPortraitUpsideDown UIInterfaceOrientationLandscapeLeft UIInterfaceOrientationLandscapeRight";
				INFOPLIST_KEY_UISupportedInterfaceOrientations_iPhone = "UIInterfaceOrientationPortrait UIInterfaceOrientationLandscapeLeft UIInterfaceOrientationLandscapeRight";
				LD_RUNPATH_SEARCH_PATHS = (
					"$(inherited)",
					"@executable_path/Frameworks",
				);
				MARKETING_VERSION = 1.0;
				PRODUCT_BUNDLE_IDENTIFIER = com.dylanrabin.DinkLink;
				PRODUCT_NAME = "$(TARGET_NAME)";
				STRING_CATALOG_GENERATE_SYMBOLS = YES;
				SWIFT_APPROACHABLE_CONCURRENCY = YES;
				SWIFT_DEFAULT_ACTOR_ISOLATION = MainActor;
				SWIFT_EMIT_LOC_STRINGS = YES;
				SWIFT_UPCOMING_FEATURE_MEMBER_IMPORT_VISIBILITY = YES;
				SWIFT_VERSION = 5.0;
				TARGETED_DEVICE_FAMILY = "1,2";
			};
			name = Release;
		};
		A1F167102F61B626003B3F6A /* Debug */ = {
			isa = XCBuildConfiguration;
			buildSettings = {
				BUNDLE_LOADER = "$(TEST_HOST)";
				CODE_SIGN_STYLE = Automatic;
				CURRENT_PROJECT_VERSION = 1;
				DEVELOPMENT_TEAM = 2SDJX7ASBA;
				GENERATE_INFOPLIST_FILE = YES;
				IPHONEOS_DEPLOYMENT_TARGET = 26.2;
				MARKETING_VERSION = 1.0;
				PRODUCT_BUNDLE_IDENTIFIER = com.dylanrabin.DinkLinkTests;
				PRODUCT_NAME = "$(TARGET_NAME)";
				STRING_CATALOG_GENERATE_SYMBOLS = NO;
				SWIFT_APPROACHABLE_CONCURRENCY = YES;
				SWIFT_EMIT_LOC_STRINGS = NO;
				SWIFT_UPCOMING_FEATURE_MEMBER_IMPORT_VISIBILITY = YES;
				SWIFT_VERSION = 5.0;
				TARGETED_DEVICE_FAMILY = "1,2";
				TEST_HOST = "$(BUILT_PRODUCTS_DIR)/DinkLink.app/$(BUNDLE_EXECUTABLE_FOLDER_PATH)/DinkLink";
			};
			name = Debug;
		};
		A1F167112F61B626003B3F6A /* Release */ = {
			isa = XCBuildConfiguration;
			buildSettings = {
				BUNDLE_LOADER = "$(TEST_HOST)";
				CODE_SIGN_STYLE = Automatic;
				CURRENT_PROJECT_VERSION = 1;
				DEVELOPMENT_TEAM = 2SDJX7ASBA;
				GENERATE_INFOPLIST_FILE = YES;
				IPHONEOS_DEPLOYMENT_TARGET = 26.2;
				MARKETING_VERSION = 1.0;
				PRODUCT_BUNDLE_IDENTIFIER = com.dylanrabin.DinkLinkTests;
				PRODUCT_NAME = "$(TARGET_NAME)";
				STRING_CATALOG_GENERATE_SYMBOLS = NO;
				SWIFT_APPROACHABLE_CONCURRENCY = YES;
				SWIFT_EMIT_LOC_STRINGS = NO;
				SWIFT_UPCOMING_FEATURE_MEMBER_IMPORT_VISIBILITY = YES;
				SWIFT_VERSION = 5.0;
				TARGETED_DEVICE_FAMILY = "1,2";
				TEST_HOST = "$(BUILT_PRODUCTS_DIR)/DinkLink.app/$(BUNDLE_EXECUTABLE_FOLDER_PATH)/DinkLink";
			};
			name = Release;
		};
		A1F167132F61B626003B3F6A /* Debug */ = {
			isa = XCBuildConfiguration;
			buildSettings = {
				CODE_SIGN_STYLE = Automatic;
				CURRENT_PROJECT_VERSION = 1;
				DEVELOPMENT_TEAM = 2SDJX7ASBA;
				GENERATE_INFOPLIST_FILE = YES;
				MARKETING_VERSION = 1.0;
				PRODUCT_BUNDLE_IDENTIFIER = com.dylanrabin.DinkLinkUITests;
				PRODUCT_NAME = "$(TARGET_NAME)";
				STRING_CATALOG_GENERATE_SYMBOLS = NO;
				SWIFT_APPROACHABLE_CONCURRENCY = YES;
				SWIFT_EMIT_LOC_STRINGS = NO;
				SWIFT_UPCOMING_FEATURE_MEMBER_IMPORT_VISIBILITY = YES;
				SWIFT_VERSION = 5.0;
				TARGETED_DEVICE_FAMILY = "1,2";
				TEST_TARGET_NAME = DinkLink;
			};
			name = Debug;
		};
		A1F167142F61B626003B3F6A /* Release */ = {
			isa = XCBuildConfiguration;
			buildSettings = {
				CODE_SIGN_STYLE = Automatic;
				CURRENT_PROJECT_VERSION = 1;
				DEVELOPMENT_TEAM = 2SDJX7ASBA;
				GENERATE_INFOPLIST_FILE = YES;
				MARKETING_VERSION = 1.0;
				PRODUCT_BUNDLE_IDENTIFIER = com.dylanrabin.DinkLinkUITests;
				PRODUCT_NAME = "$(TARGET_NAME)";
				STRING_CATALOG_GENERATE_SYMBOLS = NO;
				SWIFT_APPROACHABLE_CONCURRENCY = YES;
				SWIFT_EMIT_LOC_STRINGS = NO;
				SWIFT_UPCOMING_FEATURE_MEMBER_IMPORT_VISIBILITY = YES;
				SWIFT_VERSION = 5.0;
				TARGETED_DEVICE_FAMILY = "1,2";
				TEST_TARGET_NAME = DinkLink;
			};
			name = Release;
		};
/* End XCBuildConfiguration section */

/* Begin XCConfigurationList section */
		A1F166E62F61B625003B3F6A /* Build configuration list for PBXProject "DinkLink" */ = {
			isa = XCConfigurationList;
			buildConfigurations = (
				A1F1670A2F61B626003B3F6A /* Debug */,
				A1F1670B2F61B626003B3F6A /* Release */,
			);
			defaultConfigurationIsVisible = 0;
			defaultConfigurationName = Release;
		};
		A1F1670C2F61B626003B3F6A /* Build configuration list for PBXNativeTarget "DinkLink" */ = {
			isa = XCConfigurationList;
			buildConfigurations = (
				A1F1670D2F61B626003B3F6A /* Debug */,
				A1F1670E2F61B626003B3F6A /* Release */,
			);
			defaultConfigurationIsVisible = 0;
			defaultConfigurationName = Release;
		};
		A1F1670F2F61B626003B3F6A /* Build configuration list for PBXNativeTarget "DinkLinkTests" */ = {
			isa = XCConfigurationList;
			buildConfigurations = (
				A1F167102F61B626003B3F6A /* Debug */,
				A1F167112F61B626003B3F6A /* Release */,
			);
			defaultConfigurationIsVisible = 0;
			defaultConfigurationName = Release;
		};
		A1F167122F61B626003B3F6A /* Build configuration list for PBXNativeTarget "DinkLinkUITests" */ = {
			isa = XCConfigurationList;
			buildConfigurations = (
				A1F167132F61B626003B3F6A /* Debug */,
				A1F167142F61B626003B3F6A /* Release */,
			);
			defaultConfigurationIsVisible = 0;
			defaultConfigurationName = Release;
		};
/* End XCConfigurationList section */

/* Begin XCRemoteSwiftPackageReference section */
		A1CE28D42F7239C60085BC19 /* XCRemoteSwiftPackageReference "supabase-swift" */ = {
			isa = XCRemoteSwiftPackageReference;
			repositoryURL = "https://github.com/supabase/supabase-swift";
			requirement = {
				kind = upToNextMajorVersion;
				minimumVersion = 2.5.1;
			};
		};
/* End XCRemoteSwiftPackageReference section */

/* Begin XCSwiftPackageProductDependency section */
		A1CE28D52F7239C60085BC19 /* Auth */ = {
			isa = XCSwiftPackageProductDependency;
			package = A1CE28D42F7239C60085BC19 /* XCRemoteSwiftPackageReference "supabase-swift" */;
			productName = Auth;
		};
		A1CE28D72F7239C60085BC19 /* Functions */ = {
			isa = XCSwiftPackageProductDependency;
			package = A1CE28D42F7239C60085BC19 /* XCRemoteSwiftPackageReference "supabase-swift" */;
			productName = Functions;
		};
		A1CE28D92F7239C60085BC19 /* PostgREST */ = {
			isa = XCSwiftPackageProductDependency;
			package = A1CE28D42F7239C60085BC19 /* XCRemoteSwiftPackageReference "supabase-swift" */;
			productName = PostgREST;
		};
		A1CE28DB2F7239C60085BC19 /* Realtime */ = {
			isa = XCSwiftPackageProductDependency;
			package = A1CE28D42F7239C60085BC19 /* XCRemoteSwiftPackageReference "supabase-swift" */;
			productName = Realtime;
		};
		A1CE28DD2F7239C60085BC19 /* Storage */ = {
			isa = XCSwiftPackageProductDependency;
			package = A1CE28D42F7239C60085BC19 /* XCRemoteSwiftPackageReference "supabase-swift" */;
			productName = Storage;
		};
		A1CE28E22F723CBE0085BC19 /* Supabase */ = {
			isa = XCSwiftPackageProductDependency;
			package = A1CE28D42F7239C60085BC19 /* XCRemoteSwiftPackageReference "supabase-swift" */;
			productName = Supabase;
		};
/* End XCSwiftPackageProductDependency section */
	};
	rootObject = A1F166E32F61B625003B3F6A /* Project object */;
}
